
Microsoft Visual Studio Solution File, Format Version 12.00
# Visual Studio 15
VisualStudioVersion = 15.0.27703.2042
MinimumVisualStudioVersion = 10.0.40219.1
Project("{FAE04EC0-301F-11D3-BF4B-00C04F79EFBC}") = "ConsoleApp1", "ConsoleApp1\ConsoleApp1.csproj", "{6E9FAAE0-7D20-4CC4-9ABC-1BBA1CB9A43A}"
EndProject
Project("{FAE04EC0-301F-11D3-BF4B-00C04F79EFBC}") = "DAL", "DAL\DAL.csproj", "{1FD41649-0877-48B4-A91E-9A7CE321E199}"
EndProject
Project("{FAE04EC0-301F-11D3-BF4B-00C04F79EFBC}") = "WebAPI2", "WebAPI2\WebAPI2.csproj", "{0A0C4DF7-9F56-4D41-B2D5-D22E210AFE28}"
EndProject
Project("{FAE04EC0-301F-11D3-BF4B-00C04F79EFBC}") = "Movie.WindowsForms", "Movie.WindowsForms\Movie.WindowsForms.csproj", "{CF48E347-3F55-49C4-8C69-B3954D9EB315}"
EndProject
Global
	GlobalSection(SolutionConfigurationPlatforms) = preSolution
		Debug|Any CPU = Debug|Any CPU
		Release|Any CPU = Release|Any CPU
	EndGlobalSection
	GlobalSection(ProjectConfigurationPlatforms) = postSolution
		{6E9FAAE0-7D20-4CC4-9ABC-1BBA1CB9A43A}.Debug|Any CPU.ActiveCfg = Debug|Any CPU
		{6E9FAAE0-7D20-4CC4-9ABC-1BBA1CB9A43A}.Debug|Any CPU.Build.0 = Debug|Any CPU
		{6E9FAAE0-7D20-4CC4-9ABC-1BBA1CB9A43A}.Release|Any CPU.ActiveCfg = Release|Any CPU
		{6E9FAAE0-7D20-4CC4-9ABC-1BBA1CB9A43A}.Release|Any CPU.Build.0 = Release|Any CPU
		{1FD41649-0877-48B4-A91E-9A7CE321E199}.Debug|Any CPU.ActiveCfg = Debug|Any CPU
		{1FD41649-0877-48B4-A91E-9A7CE321E199}.Debug|Any CPU.Build.0 = Debug|Any CPU
		{1FD41649-0877-48B4-A91E-9A7CE321E199}.Release|Any CPU.ActiveCfg = Release|Any CPU
		{1FD41649-0877-48B4-A91E-9A7CE321E199}.Release|Any CPU.Build.0 = Release|Any CPU
		{0A0C4DF7-9F56-4D41-B2D5-D22E210AFE28}.Debug|Any CPU.ActiveCfg = Debug|Any CPU
		{0A0C4DF7-9F56-4D41-B2D5-D22E210AFE28}.Debug|Any CPU.Build.0 = Debug|Any CPU
		{0A0C4DF7-9F56-4D41-B2D5-D22E210AFE28}.Release|Any CPU.ActiveCfg = Release|Any CPU
		{0A0C4DF7-9F56-4D41-B2D5-D22E210AFE28}.Release|Any CPU.Build.0 = Release|Any CPU
		{CF48E347-3F55-49C4-8C69-B3954D9EB315}.Debug|Any CPU.ActiveCfg = Debug|Any CPU
		{CF48E347-3F55-49C4-8C69-B3954D9EB315}.Debug|Any CPU.Build.0 = Debug|Any CPU
		{CF48E347-3F55-49C4-8C69-B3954D9EB315}.Release|Any CPU.ActiveCfg = Release|Any CPU
		{CF48E347-3F55-49C4-8C69-B3954D9EB315}.Release|Any CPU.Build.0 = Release|Any CPU
	EndGlobalSection
	GlobalSection(SolutionProperties) = preSolution
		HideSolutionNode = FALSE
	EndGlobalSection
	GlobalSection(ExtensibilityGlobals) = postSolution
		SolutionGuid = {3EB9ABC1-A9D6-4616-B198-68DFE16C5693}
	EndGlobalSection
EndGlobal
